
Microsoft Visual Studio Solution File, Format Version 12.00
# Visual Studio Version 17
VisualStudioVersion = 17.5.002.0
MinimumVisualStudioVersion = 10.0.40219.1
Project("{9A19103F-16F7-4668-BE54-9A1E7A4F7556}") = "aposta", "aposta.csproj", "{1B4C188B-634B-4507-87EB-563F5D413B5E}"
EndProject
Global
	GlobalSection(SolutionConfigurationPlatforms) = preSolution
		Debug|Any CPU = Debug|Any CPU
		Release|Any CPU = Release|Any CPU
	EndGlobalSection
	GlobalSection(ProjectConfigurationPlatforms) = postSolution
		{1B4C188B-634B-4507-87EB-563F5D413B5E}.Debug|Any CPU.ActiveCfg = Debug|Any CPU
		{1B4C188B-634B-4507-87EB-563F5D413B5E}.Debug|Any CPU.Build.0 = Debug|Any CPU
		{1B4C188B-634B-4507-87EB-563F5D413B5E}.Release|Any CPU.ActiveCfg = Release|Any CPU
		{1B4C188B-634B-4507-87EB-563F5D413B5E}.Release|Any CPU.Build.0 = Release|Any CPU
	EndGlobalSection
	GlobalSection(SolutionProperties) = preSolution
		HideSolutionNode = FALSE
	EndGlobalSection
	GlobalSection(ExtensibilityGlobals) = postSolution
		SolutionGuid = {FEB49EAC-B106-431C-887A-128CB049F5C9}
	EndGlobalSection
EndGlobal
